
Microsoft Visual Studio Solution File, Format Version 12.00
# Visual Studio Version 16
VisualStudioVersion = 16.0.30114.105
MinimumVisualStudioVersion = 10.0.40219.1
Project("{FAE04EC0-301F-11D3-BF4B-00C04F79EFBC}") = "Diploma", "Diploma\Diploma.csproj", "{C08D9DBC-1F57-49E7-940A-D64B13383ABD}"
EndProject
Global
	GlobalSection(SolutionConfigurationPlatforms) = preSolution
		Debug|Any CPU = Debug|Any CPU
		Release|Any CPU = Release|Any CPU
	EndGlobalSection
	GlobalSection(ProjectConfigurationPlatforms) = postSolution
		{C08D9DBC-1F57-49E7-940A-D64B13383ABD}.Debug|Any CPU.ActiveCfg = Debug|Any CPU
		{C08D9DBC-1F57-49E7-940A-D64B13383ABD}.Debug|Any CPU.Build.0 = Debug|Any CPU
		{C08D9DBC-1F57-49E7-940A-D64B13383ABD}.Release|Any CPU.ActiveCfg = Release|Any CPU
		{C08D9DBC-1F57-49E7-940A-D64B13383ABD}.Release|Any CPU.Build.0 = Release|Any CPU
	EndGlobalSection
	GlobalSection(SolutionProperties) = preSolution
		HideSolutionNode = FALSE
	EndGlobalSection
	GlobalSection(ExtensibilityGlobals) = postSolution
		SolutionGuid = {62964CB6-27C9-414A-99AE-9B1AF08C2271}
	EndGlobalSection
EndGlobal
